
Microsoft Visual Studio Solution File, Format Version 12.00
# Visual Studio Version 16
VisualStudioVersion = 16.0.29806.167
MinimumVisualStudioVersion = 10.0.40219.1
Project("{F2A71F9B-5D33-465A-A702-920D77279786}") = "janeeyre", "janeeyre.fsproj", "{F61735FE-3829-4985-9B8B-C2E37B403910}"
EndProject
Global
	GlobalSection(SolutionConfigurationPlatforms) = preSolution
		Debug|Any CPU = Debug|Any CPU
		Release|Any CPU = Release|Any CPU
	EndGlobalSection
	GlobalSection(ProjectConfigurationPlatforms) = postSolution
		{F61735FE-3829-4985-9B8B-C2E37B403910}.Debug|Any CPU.ActiveCfg = Debug|Any CPU
		{F61735FE-3829-4985-9B8B-C2E37B403910}.Debug|Any CPU.Build.0 = Debug|Any CPU
		{F61735FE-3829-4985-9B8B-C2E37B403910}.Release|Any CPU.ActiveCfg = Release|Any CPU
		{F61735FE-3829-4985-9B8B-C2E37B403910}.Release|Any CPU.Build.0 = Release|Any CPU
	EndGlobalSection
	GlobalSection(SolutionProperties) = preSolution
		HideSolutionNode = FALSE
	EndGlobalSection
	GlobalSection(ExtensibilityGlobals) = postSolution
		SolutionGuid = {0AB8BDF5-6865-4784-B1FF-218FE37A22B6}
	EndGlobalSection
EndGlobal
