
Microsoft Visual Studio Solution File, Format Version 12.00
# Visual Studio Version 16
VisualStudioVersion = 16.0.29509.3
MinimumVisualStudioVersion = 10.0.40219.1
Project("{F2A71F9B-5D33-465A-A702-920D77279786}") = "flexible", "flexible.fsproj", "{7FA0F4FA-9783-416D-9B41-4ECC7B05FC36}"
EndProject
Global
	GlobalSection(SolutionConfigurationPlatforms) = preSolution
		Debug|Any CPU = Debug|Any CPU
		Release|Any CPU = Release|Any CPU
	EndGlobalSection
	GlobalSection(ProjectConfigurationPlatforms) = postSolution
		{7FA0F4FA-9783-416D-9B41-4ECC7B05FC36}.Debug|Any CPU.ActiveCfg = Debug|Any CPU
		{7FA0F4FA-9783-416D-9B41-4ECC7B05FC36}.Debug|Any CPU.Build.0 = Debug|Any CPU
		{7FA0F4FA-9783-416D-9B41-4ECC7B05FC36}.Release|Any CPU.ActiveCfg = Release|Any CPU
		{7FA0F4FA-9783-416D-9B41-4ECC7B05FC36}.Release|Any CPU.Build.0 = Release|Any CPU
	EndGlobalSection
	GlobalSection(SolutionProperties) = preSolution
		HideSolutionNode = FALSE
	EndGlobalSection
	GlobalSection(ExtensibilityGlobals) = postSolution
		SolutionGuid = {831C0E12-139E-411B-83F9-81A760FD5B14}
	EndGlobalSection
EndGlobal
