
Microsoft Visual Studio Solution File, Format Version 12.00
# Visual Studio Version 16
VisualStudioVersion = 16.0.29509.3
MinimumVisualStudioVersion = 10.0.40219.1
Project("{F2A71F9B-5D33-465A-A702-920D77279786}") = "flyingsafely", "flyingsafely.fsproj", "{3C3F0DB3-8537-4FE8-A5AE-95DFC2E1EE80}"
EndProject
Global
	GlobalSection(SolutionConfigurationPlatforms) = preSolution
		Debug|Any CPU = Debug|Any CPU
		Release|Any CPU = Release|Any CPU
	EndGlobalSection
	GlobalSection(ProjectConfigurationPlatforms) = postSolution
		{3C3F0DB3-8537-4FE8-A5AE-95DFC2E1EE80}.Debug|Any CPU.ActiveCfg = Debug|Any CPU
		{3C3F0DB3-8537-4FE8-A5AE-95DFC2E1EE80}.Debug|Any CPU.Build.0 = Debug|Any CPU
		{3C3F0DB3-8537-4FE8-A5AE-95DFC2E1EE80}.Release|Any CPU.ActiveCfg = Release|Any CPU
		{3C3F0DB3-8537-4FE8-A5AE-95DFC2E1EE80}.Release|Any CPU.Build.0 = Release|Any CPU
	EndGlobalSection
	GlobalSection(SolutionProperties) = preSolution
		HideSolutionNode = FALSE
	EndGlobalSection
	GlobalSection(ExtensibilityGlobals) = postSolution
		SolutionGuid = {96DF8415-5909-4BA2-8F44-0C059C2812BC}
	EndGlobalSection
EndGlobal
